
Microsoft Visual Studio Solution File, Format Version 12.00
# Visual Studio 14
VisualStudioVersion = 14.0.24720.0
MinimumVisualStudioVersion = 10.0.40219.1
Project("{FAE04EC0-301F-11D3-BF4B-00C04F79EFBC}") = "Mundo", "Mundo\Mundo.csproj", "{8FE427AD-F020-4826-B2F7-55C50AFB9F3E}"
EndProject
Project("{FAE04EC0-301F-11D3-BF4B-00C04F79EFBC}") = "Interfaz", "Interfaz\Interfaz.csproj", "{2E29FD1D-1908-4A5B-9F50-11DAF48C4A99}"
EndProject
Project("{FAE04EC0-301F-11D3-BF4B-00C04F79EFBC}") = "Test", "Test\Test.csproj", "{E0FBB5D3-1F78-438E-8123-EC17C48852FE}"
EndProject
Global
	GlobalSection(SolutionConfigurationPlatforms) = preSolution
		Debug|Any CPU = Debug|Any CPU
		Release|Any CPU = Release|Any CPU
	EndGlobalSection
	GlobalSection(ProjectConfigurationPlatforms) = postSolution
		{8FE427AD-F020-4826-B2F7-55C50AFB9F3E}.Debug|Any CPU.ActiveCfg = Debug|Any CPU
		{8FE427AD-F020-4826-B2F7-55C50AFB9F3E}.Debug|Any CPU.Build.0 = Debug|Any CPU
		{8FE427AD-F020-4826-B2F7-55C50AFB9F3E}.Release|Any CPU.ActiveCfg = Release|Any CPU
		{8FE427AD-F020-4826-B2F7-55C50AFB9F3E}.Release|Any CPU.Build.0 = Release|Any CPU
		{2E29FD1D-1908-4A5B-9F50-11DAF48C4A99}.Debug|Any CPU.ActiveCfg = Debug|Any CPU
		{2E29FD1D-1908-4A5B-9F50-11DAF48C4A99}.Debug|Any CPU.Build.0 = Debug|Any CPU
		{2E29FD1D-1908-4A5B-9F50-11DAF48C4A99}.Release|Any CPU.ActiveCfg = Release|Any CPU
		{2E29FD1D-1908-4A5B-9F50-11DAF48C4A99}.Release|Any CPU.Build.0 = Release|Any CPU
		{E0FBB5D3-1F78-438E-8123-EC17C48852FE}.Debug|Any CPU.ActiveCfg = Debug|Any CPU
		{E0FBB5D3-1F78-438E-8123-EC17C48852FE}.Debug|Any CPU.Build.0 = Debug|Any CPU
		{E0FBB5D3-1F78-438E-8123-EC17C48852FE}.Release|Any CPU.ActiveCfg = Release|Any CPU
		{E0FBB5D3-1F78-438E-8123-EC17C48852FE}.Release|Any CPU.Build.0 = Release|Any CPU
	EndGlobalSection
	GlobalSection(SolutionProperties) = preSolution
		HideSolutionNode = FALSE
	EndGlobalSection
EndGlobal
